<?xml version="1.0" encoding="utf-8"?>
<Project ToolsVersion="4.0" xmlns="http://schemas.microsoft.com/developer/msbuild/2003">
  <ItemGroup>
    <Filter Include="Source Files">
      <UniqueIdentifier>{4FC737F1-C7A5-4376-A066-2A32D752A2FF}</UniqueIdentifier>
      <Extensions>cpp;c;cc;cxx;def;odl;idl;hpj;bat;asm;asmx</Extensions>
    </Filter>
    <Filter Include="Header Files">
      <UniqueIdentifier>{93995380-89BD-4b04-88EB-625FBE52EBFB}</UniqueIdentifier>
      <Extensions>h;hpp;hxx;hm;inl;inc;xsd</Extensions>
    </Filter>
    <Filter Include="Resource Files">
      <UniqueIdentifier>{67DA6AB6-F800-4c08-8B7A-83BB121AAD01}</UniqueIdentifier>
      <Extensions>rc;ico;cur;bmp;dlg;rc2;rct;bin;rgs;gif;jpg;jpeg;jpe;resx;tiff;tif;png;wav;mfcribbon-ms</Extensions>
    </Filter>
    <Filter Include="Resource Files\res">
      <UniqueIdentifier>{4fdab282-0a15-400f-a64f-e575b4f07c53}</UniqueIdentifier>
    </Filter>
  </ItemGroup>
  <ItemGroup>
    <ClInclude Include="stdafx.h">
      <Filter>Header Files</Filter>
    </ClInclude>
    <ClInclude Include="IrregularWindow.h">
      <Filter>Header Files</Filter>
    </ClInclude>
    <ClInclude Include="blog_try.h">
      <Filter>Header Files</Filter>
    </ClInclude>
    <ClInclude Include="MKMgr.h">
      <Filter>Header Files</Filter>
    </ClInclude>
    <ClInclude Include="resource.h">
      <Filter>Header Files</Filter>
    </ClInclude>
  </ItemGroup>
  <ItemGroup>
    <ClCompile Include="stdafx.cpp">
      <Filter>Source Files</Filter>
    </ClCompile>
    <ClCompile Include="IrregularWindow.cpp">
      <Filter>Source Files</Filter>
    </ClCompile>
    <ClCompile Include="blog_try.cpp">
      <Filter>Source Files</Filter>
    </ClCompile>
    <ClCompile Include="MKMgr.cpp">
      <Filter>Source Files</Filter>
    </ClCompile>
  </ItemGroup>
  <ItemGroup>
    <ResourceCompile Include="resources.rc">
      <Filter>Resource Files</Filter>
    </ResourceCompile>
  </ItemGroup>
  <ItemGroup>
    <None Include="res\bg.png">
      <Filter>Resource Files\res</Filter>
    </None>
    <None Include="res\UISkin.xml">
      <Filter>Resource Files\res</Filter>
    </None>
    <None Include="res\LauncherTransit.dat">
      <Filter>Resource Files\res</Filter>
    </None>
    <None Include="res\zh_cn.txt">
      <Filter>Resource Files\res</Filter>
    </None>
  </ItemGroup>
</Project>